
Microsoft Visual Studio Solution File, Format Version 12.00
# Visual Studio Version 16
VisualStudioVersion = 16.0.31424.327
MinimumVisualStudioVersion = 10.0.40219.1
Project("{FAE04EC0-301F-11D3-BF4B-00C04F79EFBC}") = "MakeFTPDir", "MakeFTPDir.csproj", "{9447BCD0-2C0F-4A0A-B20E-19C334128DA5}"
EndProject
Global
	GlobalSection(SolutionConfigurationPlatforms) = preSolution
		Debug|Any CPU = Debug|Any CPU
		Release|Any CPU = Release|Any CPU
	EndGlobalSection
	GlobalSection(ProjectConfigurationPlatforms) = postSolution
		{9447BCD0-2C0F-4A0A-B20E-19C334128DA5}.Debug|Any CPU.ActiveCfg = Debug|Any CPU
		{9447BCD0-2C0F-4A0A-B20E-19C334128DA5}.Debug|Any CPU.Build.0 = Debug|Any CPU
		{9447BCD0-2C0F-4A0A-B20E-19C334128DA5}.Release|Any CPU.ActiveCfg = Release|Any CPU
		{9447BCD0-2C0F-4A0A-B20E-19C334128DA5}.Release|Any CPU.Build.0 = Release|Any CPU
	EndGlobalSection
	GlobalSection(SolutionProperties) = preSolution
		HideSolutionNode = FALSE
	EndGlobalSection
	GlobalSection(ExtensibilityGlobals) = postSolution
		SolutionGuid = {CF2249ED-E5AC-4875-9418-8D3EEA720080}
	EndGlobalSection
EndGlobal
